// !$*UTF8*$!
{
	archiveVersion = 1;
	classes = {
	};
	objectVersion = 77;
	objects = {

/* Begin PBXBuildFile section */
		0985E320343DA54FD0BABD12 /* CornerEditorView.swift in Sources */ = {isa = PBXBuildFile; fileRef = 02D787AFA831EC4ACE9CAE29 /* CornerEditorView.swift */; };
		09DCA78DE8231FA4CE775528 /* CaptureViewModelTests.swift in Sources */ = {isa = PBXBuildFile; fileRef = 6C8614EEF77C50E3C321AE21 /* CaptureViewModelTests.swift */; };
		0AAC627CFD2E8660D1B7CBC5 /* CountingServiceTests.swift in Sources */ = {isa = PBXBuildFile; fileRef = D99828546F2E7C807461D0D1 /* CountingServiceTests.swift */; };
		0B1BDE136C9BFAE849C6F58E /* TimerUtil.swift in Sources */ = {isa = PBXBuildFile; fileRef = 5484987B233C277AAA043707 /* TimerUtil.swift */; };
		0D1D16AFFB6AC6A08391CF35 /* SettingsStoreTests.swift in Sources */ = {isa = PBXBuildFile; fileRef = CA1549B05847B2641A0705AC /* SettingsStoreTests.swift */; };
		13CBB1C080FACDD5560DCB5D /* AnimatedGradientHeader.swift in Sources */ = {isa = PBXBuildFile; fileRef = 1F8F4E0724B8E4B54FF28CAF /* AnimatedGradientHeader.swift */; };
		153CBD1D7FDBE7E3BE783150 /* PurchaseManagerTests.swift in Sources */ = {isa = PBXBuildFile; fileRef = D4B806875617ACB2E5307D3D /* PurchaseManagerTests.swift */; };
		2124DC8942EFDC170770DDB7 /* GRDB in Frameworks */ = {isa = PBXBuildFile; productRef = DEED0CD32F3A1C11ED660D90 /* GRDB */; };
		216C739599D3FE28D74A32D8 /* CSVExporter.swift in Sources */ = {isa = PBXBuildFile; fileRef = 1ECFD6BCD926EA715CF49E1D /* CSVExporter.swift */; };
		21FE0F5F524D1ED7587526B4 /* CrashReporter.swift in Sources */ = {isa = PBXBuildFile; fileRef = D84F13AF58EC97D3C064BA5D /* CrashReporter.swift */; };
		253D7C9201B15ADEA579E817 /* SmartCellCounterApp.swift in Sources */ = {isa = PBXBuildFile; fileRef = D737B7EF32F5514AF57635EB /* SmartCellCounterApp.swift */; };
		25F833F7C33F13353C6AEF6E /* ImageSelectionView.swift in Sources */ = {isa = PBXBuildFile; fileRef = F200A38A58EC3AA62AB67744 /* ImageSelectionView.swift */; };
		2B25E5EAEA889B869F621B89 /* ResultsView.swift in Sources */ = {isa = PBXBuildFile; fileRef = DAF0BEE5D2458BFD6473C134 /* ResultsView.swift */; };
		2CF84D7B4F6C491820265211 /* DetectorParams.swift in Sources */ = {isa = PBXBuildFile; fileRef = 000618F426AC9815AF0E73C6 /* DetectorParams.swift */; };
		30951517681682DB8AEE3C16 /* DesignSystem.swift in Sources */ = {isa = PBXBuildFile; fileRef = A9B42408382F6FA639894FB4 /* DesignSystem.swift */; };
		30E0C3BA46C9347B876F7744 /* FakeCameraService.swift in Sources */ = {isa = PBXBuildFile; fileRef = 403085ADF98B144CB7C93206 /* FakeCameraService.swift */; };
		32532B45CAC884745282E30A /* ImagingTests.swift in Sources */ = {isa = PBXBuildFile; fileRef = D7AD1E6D070DDEB8B8CF9864 /* ImagingTests.swift */; };
		35EB96FC2582645835B15202 /* CountingService.swift in Sources */ = {isa = PBXBuildFile; fileRef = 291D45DCCB2B35E09EB69C71 /* CountingService.swift */; };
		3817FB15BCCFDBD3BC3E824E /* CameraTypes.swift in Sources */ = {isa = PBXBuildFile; fileRef = 809A0AC5E9FE3F482FA49548 /* CameraTypes.swift */; };
		38AB1DAA1B45829CF3787777 /* ImagingPipelineTests.swift in Sources */ = {isa = PBXBuildFile; fileRef = 8916494CDE1D2E5243678676 /* ImagingPipelineTests.swift */; };
		38E474CD55011FA561244805 /* SyntheticImageFactory.swift in Sources */ = {isa = PBXBuildFile; fileRef = C5F44AC5033AB84B4E822A10 /* SyntheticImageFactory.swift */; };
		3C9BB187CEFAD6329B6D57F9 /* CameraServiceTests.swift in Sources */ = {isa = PBXBuildFile; fileRef = 50055A6026810C4EE299819B /* CameraServiceTests.swift */; };
		3CD50704B347275672A1C7FB /* ImageContext.swift in Sources */ = {isa = PBXBuildFile; fileRef = 98A282DC1F613BE507A4ECE0 /* ImageContext.swift */; };
		42AFF9F2E70A8EBDF40F2754 /* ReviewView.swift in Sources */ = {isa = PBXBuildFile; fileRef = 9A051A79053FB64D42BDCA15 /* ReviewView.swift */; };
		4547D0B2579DCEA2039ECA1F /* AboutView.swift in Sources */ = {isa = PBXBuildFile; fileRef = 91ADB264B3BE0B9B7DA921E9 /* AboutView.swift */; };
		4581E1CBFD42557628BDD3D3 /* ColorSpaces.swift in Sources */ = {isa = PBXBuildFile; fileRef = 06ECD0D1E631F6C40A9A8A8F /* ColorSpaces.swift */; };
		4ACC47290AAED42CAF34A1D5 /* Metrics.swift in Sources */ = {isa = PBXBuildFile; fileRef = B8D2E80D162AAC93E6686377 /* Metrics.swift */; };
		5189BFBFBE44663DDB42E70A /* Theme.swift in Sources */ = {isa = PBXBuildFile; fileRef = 607321279683514E876607AF /* Theme.swift */; };
		587854FED3E092A6A0113EE6 /* CropView.swift in Sources */ = {isa = PBXBuildFile; fileRef = 75FE414E42D591A5C7BAF492 /* CropView.swift */; };
		591CCCB2AB77D5CCF5868BD7 /* QATestsView.swift in Sources */ = {isa = PBXBuildFile; fileRef = FB8D757CDCB6BDF4A0E1A67A /* QATestsView.swift */; };
		5AD2925A9222C84D52A153DE /* BlueMask.swift in Sources */ = {isa = PBXBuildFile; fileRef = 57C21B2EE6BDA914F6C890D2 /* BlueMask.swift */; };
		5AF50CB6DD0DE53B84BED654 /* GeometryUtils.swift in Sources */ = {isa = PBXBuildFile; fileRef = DF885C0A9EA2D4D2E1AC8620 /* GeometryUtils.swift */; };
		5BE4E0F4365BA96CD538D1C3 /* IlluminationCorrector.swift in Sources */ = {isa = PBXBuildFile; fileRef = D742455E10EF7E5924A4147A /* IlluminationCorrector.swift */; };
		613A545D2FA7758FD052F32F /* StorageService.swift in Sources */ = {isa = PBXBuildFile; fileRef = B060CC4C710F89CE69C3404A /* StorageService.swift */; };
		6465B66918D2355EEEA1FCED /* PerformanceLogger.swift in Sources */ = {isa = PBXBuildFile; fileRef = 559A66CEF0F73369022D1611 /* PerformanceLogger.swift */; };
		6529CDDBA7B176EA14B6AE2C /* DebugView.swift in Sources */ = {isa = PBXBuildFile; fileRef = 62B2692C0974CD9461CC7F02 /* DebugView.swift */; };
		68E302878F4E87A94A42A80E /* ImagingService.swift in Sources */ = {isa = PBXBuildFile; fileRef = 0DBA09A8B940E14DE82CED8F /* ImagingService.swift */; };
		69403E39CCD251D106CAA3FE /* PaywallView.swift in Sources */ = {isa = PBXBuildFile; fileRef = F7B357198385B5404C6ED5EA /* PaywallView.swift */; };
		6B8F138D2EDCCCB57B8D4C8D /* GeometryUtilsTests.swift in Sources */ = {isa = PBXBuildFile; fileRef = B66EB53654C312790A74858C /* GeometryUtilsTests.swift */; };
		6CED281492A72653FEE76736 /* Calibration.swift in Sources */ = {isa = PBXBuildFile; fileRef = F374928488DD9789C6974C64 /* Calibration.swift */; };
		7B4829540C425EFBCE33DD79 /* SettingsView.swift in Sources */ = {isa = PBXBuildFile; fileRef = A10C9974CAE60200765ACEE6 /* SettingsView.swift */; };
		7B4FA1EDEC050556862FFC42 /* HistoryView.swift in Sources */ = {isa = PBXBuildFile; fileRef = 2773D955448165227968BBB7 /* HistoryView.swift */; };
		7C268E483935C9774E0FE176 /* AdsManager.swift in Sources */ = {isa = PBXBuildFile; fileRef = 66B326C372860666FACEA487 /* AdsManager.swift */; };
		8786569A3C145B37547C41D2 /* CameraService.swift in Sources */ = {isa = PBXBuildFile; fileRef = A7DA178A7B74AE02F37B5B6C /* CameraService.swift */; };
		948066AA0796792897C9CAD6 /* Settings.swift in Sources */ = {isa = PBXBuildFile; fileRef = B6B582C935CCD5D4C7CEF308 /* Settings.swift */; };
		AA954E0B78481CE964FDC15A /* Assets.xcassets in Resources */ = {isa = PBXBuildFile; fileRef = 356BB64DF6574A620E6962F0 /* Assets.xcassets */; };
		ACB4EE09310D940CF6039EF9 /* CellDetector.swift in Sources */ = {isa = PBXBuildFile; fileRef = AD16A4C0D5670DA1ACFFF631 /* CellDetector.swift */; };
		ACE65925B2590AEA3CB8D855 /* GridSuppressor.swift in Sources */ = {isa = PBXBuildFile; fileRef = 056CEF5E9E9CD9F8A690AE9B /* GridSuppressor.swift */; };
		AD789D084EDFC192DCD81F0F /* CountingTests.swift in Sources */ = {isa = PBXBuildFile; fileRef = 3AA8FF975FD73C6F7BEACB32 /* CountingTests.swift */; };
		AE7516BC9CA991B8FA17125A /* NumericField.swift in Sources */ = {isa = PBXBuildFile; fileRef = 9E679B74CF32BA9A19CA94EC /* NumericField.swift */; };
		AFA3A2E664EEF1A7CD680EC1 /* CaptureView.swift in Sources */ = {isa = PBXBuildFile; fileRef = 856725416984127B4F179D61 /* CaptureView.swift */; };
		B3A7D0CA9AB71DCA26EA48ED /* Classifier.swift in Sources */ = {isa = PBXBuildFile; fileRef = F10CDCBF0DBF053E8D027144 /* Classifier.swift */; };
		B4F23759FBD1FAA6F8FFE35F /* SettingsStore.swift in Sources */ = {isa = PBXBuildFile; fileRef = 4CC72C80203D8F49E64C3E2A /* SettingsStore.swift */; };
		B501E0F1768A4C4BCED09701 /* DebugOverlayView.swift in Sources */ = {isa = PBXBuildFile; fileRef = DDA3BC306520D60EAB0F9A3C /* DebugOverlayView.swift */; };
		B588FE3D33E982F4149AB33E /* Haptics.swift in Sources */ = {isa = PBXBuildFile; fileRef = 38D5B581A048557D99EE5D39 /* Haptics.swift */; };
		B86025D4ED0DA5BED781E6A9 /* HelpView.swift in Sources */ = {isa = PBXBuildFile; fileRef = 19BC4FCC37C20F3C68FA10B9 /* HelpView.swift */; };
		B96F242084332F0413B22462 /* ProPurchase.swift in Sources */ = {isa = PBXBuildFile; fileRef = 705DF21EB28DAABCB1CAA176 /* ProPurchase.swift */; };
		BA191EA6FECF45DAB6CA0E98 /* CellDetectionTests.swift in Sources */ = {isa = PBXBuildFile; fileRef = 6C0D0A5F2DD5B58E2E6C48A9 /* CellDetectionTests.swift */; };
		BB4DFDC276396B87542A3151 /* ConsentManager.swift in Sources */ = {isa = PBXBuildFile; fileRef = 05ED17EAE9CCC41ECAC168FF /* ConsentManager.swift */; };
		BC9F0DC5469D992229C529AD /* SmartCellCounterTests.swift in Sources */ = {isa = PBXBuildFile; fileRef = EDF238ED9A381B41ACAED19F /* SmartCellCounterTests.swift */; };
		BF199A66C318B601868EAC8C /* DetectionView.swift in Sources */ = {isa = PBXBuildFile; fileRef = 882B11538C61A8D5EAB15225 /* DetectionView.swift */; };
		BFF212DFAAF712714613472A /* ConsentView.swift in Sources */ = {isa = PBXBuildFile; fileRef = D2A4293154004ECCD9F3642A /* ConsentView.swift */; };
		C3A4E8E65BED0190D496A115 /* CoreModules.swift in Sources */ = {isa = PBXBuildFile; fileRef = 6E2024D695F4BFC3DBF870C9 /* CoreModules.swift */; };
		C4DDB68DAC3F548178996761 /* NMS.swift in Sources */ = {isa = PBXBuildFile; fileRef = C6B8E79D6766C856F6A50F60 /* NMS.swift */; };
		C7D186CCBA829BEA89C029AE /* AppError.swift in Sources */ = {isa = PBXBuildFile; fileRef = 52AB4987313AC0679CD29980 /* AppError.swift */; };
		CA65E04104BEF177B1CA943F /* ViabilityClassifier.swift in Sources */ = {isa = PBXBuildFile; fileRef = F19B30F24140314439759CEF /* ViabilityClassifier.swift */; };
		CCA16B94861722C19762CA71 /* CameraPreviewView.swift in Sources */ = {isa = PBXBuildFile; fileRef = 4DDE8A2AB24E9455806AB652 /* CameraPreviewView.swift */; };
		D0086022B7DCE60199AFFAAB /* SelectionOverlay.swift in Sources */ = {isa = PBXBuildFile; fileRef = FCDF93CBB80671412D1CD808 /* SelectionOverlay.swift */; };
		D321E0781A1A57D6D7AE0721 /* PDFExporter.swift in Sources */ = {isa = PBXBuildFile; fileRef = 6F7FA9A0B2854858845B9476 /* PDFExporter.swift */; };
		D92A646B6BE93F88B8CF6760 /* SmartCellCounterUITests.swift in Sources */ = {isa = PBXBuildFile; fileRef = 14C548713783D0458C704C59 /* SmartCellCounterUITests.swift */; };
		DBAA2465D861C60278FA9A88 /* Utilities.swift in Sources */ = {isa = PBXBuildFile; fileRef = C5E8BE77F136615805D6363C /* Utilities.swift */; };
		DD14587F9F90FADE48876D30 /* Hemocytometer.swift in Sources */ = {isa = PBXBuildFile; fileRef = 14153B1DE20E0613F26247E7 /* Hemocytometer.swift */; };
		E46AE625C80ECE2F1954A54F /* BlobDetector.swift in Sources */ = {isa = PBXBuildFile; fileRef = 3179A1018F088A320065B4FA /* BlobDetector.swift */; };
		E5D96CF4F2B9D54B93820F08 /* TextureFilter.swift in Sources */ = {isa = PBXBuildFile; fileRef = AF9EFA7E4147E779BC7605DD /* TextureFilter.swift */; };
		E74D4C612B7217667BE059A3 /* ImagingTypes.swift in Sources */ = {isa = PBXBuildFile; fileRef = 4A38077C1CE3A0B14B984C7D /* ImagingTypes.swift */; };
		E84BA3F6C52946E6CFCA1A22 /* Sample.swift in Sources */ = {isa = PBXBuildFile; fileRef = B909E5F00E2A9B318F1A2073 /* Sample.swift */; };
		F78F0E3CD26A49A6351D1206 /* RingGauge.swift in Sources */ = {isa = PBXBuildFile; fileRef = E22CC6359448C8DFAC60FABE /* RingGauge.swift */; };
		F7AA8040E06F152E50B5F628 /* PrivacyInfo.xcprivacy in Resources */ = {isa = PBXBuildFile; fileRef = F27A19BB821FED4FB1876E5C /* PrivacyInfo.xcprivacy */; };
		FB732673C37B841300724197 /* ImagingPipeline.swift in Sources */ = {isa = PBXBuildFile; fileRef = A41A580F07C62EFE9F828E17 /* ImagingPipeline.swift */; };
/* End PBXBuildFile section */

/* Begin PBXContainerItemProxy section */
		8B6E0FF1D486EC99500867C8 /* PBXContainerItemProxy */ = {
			isa = PBXContainerItemProxy;
			containerPortal = 262384792FBB033F3AF28331 /* Project object */;
			proxyType = 1;
			remoteGlobalIDString = 48C5367F77709ED7AE925347;
			remoteInfo = SmartCellCounter;
		};
		A4975BAA68EB22F8906DC8F3 /* PBXContainerItemProxy */ = {
			isa = PBXContainerItemProxy;
			containerPortal = 262384792FBB033F3AF28331 /* Project object */;
			proxyType = 1;
			remoteGlobalIDString = 48C5367F77709ED7AE925347;
			remoteInfo = SmartCellCounter;
		};
/* End PBXContainerItemProxy section */

/* Begin PBXFileReference section */
		000618F426AC9815AF0E73C6 /* DetectorParams.swift */ = {isa = PBXFileReference; lastKnownFileType = sourcecode.swift; path = DetectorParams.swift; sourceTree = "<group>"; };
		02D787AFA831EC4ACE9CAE29 /* CornerEditorView.swift */ = {isa = PBXFileReference; lastKnownFileType = sourcecode.swift; path = CornerEditorView.swift; sourceTree = "<group>"; };
		056CEF5E9E9CD9F8A690AE9B /* GridSuppressor.swift */ = {isa = PBXFileReference; lastKnownFileType = sourcecode.swift; path = GridSuppressor.swift; sourceTree = "<group>"; };
		05ED17EAE9CCC41ECAC168FF /* ConsentManager.swift */ = {isa = PBXFileReference; lastKnownFileType = sourcecode.swift; path = ConsentManager.swift; sourceTree = "<group>"; };
		06B9BF9C9C72F1D9261C9C4C /* SmartCellCounter.app */ = {isa = PBXFileReference; includeInIndex = 0; lastKnownFileType = wrapper.application; path = SmartCellCounter.app; sourceTree = BUILT_PRODUCTS_DIR; };
		06ECD0D1E631F6C40A9A8A8F /* ColorSpaces.swift */ = {isa = PBXFileReference; lastKnownFileType = sourcecode.swift; path = ColorSpaces.swift; sourceTree = "<group>"; };
		0DBA09A8B940E14DE82CED8F /* ImagingService.swift */ = {isa = PBXFileReference; lastKnownFileType = sourcecode.swift; path = ImagingService.swift; sourceTree = "<group>"; };
		14153B1DE20E0613F26247E7 /* Hemocytometer.swift */ = {isa = PBXFileReference; lastKnownFileType = sourcecode.swift; path = Hemocytometer.swift; sourceTree = "<group>"; };
		14C548713783D0458C704C59 /* SmartCellCounterUITests.swift */ = {isa = PBXFileReference; lastKnownFileType = sourcecode.swift; path = SmartCellCounterUITests.swift; sourceTree = "<group>"; };
		19BC4FCC37C20F3C68FA10B9 /* HelpView.swift */ = {isa = PBXFileReference; lastKnownFileType = sourcecode.swift; path = HelpView.swift; sourceTree = "<group>"; };
		1ECFD6BCD926EA715CF49E1D /* CSVExporter.swift */ = {isa = PBXFileReference; lastKnownFileType = sourcecode.swift; path = CSVExporter.swift; sourceTree = "<group>"; };
		1F8F4E0724B8E4B54FF28CAF /* AnimatedGradientHeader.swift */ = {isa = PBXFileReference; lastKnownFileType = sourcecode.swift; path = AnimatedGradientHeader.swift; sourceTree = "<group>"; };
		2773D955448165227968BBB7 /* HistoryView.swift */ = {isa = PBXFileReference; lastKnownFileType = sourcecode.swift; path = HistoryView.swift; sourceTree = "<group>"; };
		291D45DCCB2B35E09EB69C71 /* CountingService.swift */ = {isa = PBXFileReference; lastKnownFileType = sourcecode.swift; path = CountingService.swift; sourceTree = "<group>"; };
		3179A1018F088A320065B4FA /* BlobDetector.swift */ = {isa = PBXFileReference; lastKnownFileType = sourcecode.swift; path = BlobDetector.swift; sourceTree = "<group>"; };
		356BB64DF6574A620E6962F0 /* Assets.xcassets */ = {isa = PBXFileReference; lastKnownFileType = folder.assetcatalog; path = Assets.xcassets; sourceTree = "<group>"; };
		38D5B581A048557D99EE5D39 /* Haptics.swift */ = {isa = PBXFileReference; lastKnownFileType = sourcecode.swift; path = Haptics.swift; sourceTree = "<group>"; };
		3AA8FF975FD73C6F7BEACB32 /* CountingTests.swift */ = {isa = PBXFileReference; lastKnownFileType = sourcecode.swift; path = CountingTests.swift; sourceTree = "<group>"; };
		403085ADF98B144CB7C93206 /* FakeCameraService.swift */ = {isa = PBXFileReference; lastKnownFileType = sourcecode.swift; path = FakeCameraService.swift; sourceTree = "<group>"; };
		4A38077C1CE3A0B14B984C7D /* ImagingTypes.swift */ = {isa = PBXFileReference; lastKnownFileType = sourcecode.swift; path = ImagingTypes.swift; sourceTree = "<group>"; };
		4CC72C80203D8F49E64C3E2A /* SettingsStore.swift */ = {isa = PBXFileReference; lastKnownFileType = sourcecode.swift; path = SettingsStore.swift; sourceTree = "<group>"; };
		4DDE8A2AB24E9455806AB652 /* CameraPreviewView.swift */ = {isa = PBXFileReference; lastKnownFileType = sourcecode.swift; path = CameraPreviewView.swift; sourceTree = "<group>"; };
		50055A6026810C4EE299819B /* CameraServiceTests.swift */ = {isa = PBXFileReference; lastKnownFileType = sourcecode.swift; path = CameraServiceTests.swift; sourceTree = "<group>"; };
		52AB4987313AC0679CD29980 /* AppError.swift */ = {isa = PBXFileReference; lastKnownFileType = sourcecode.swift; path = AppError.swift; sourceTree = "<group>"; };
		5484987B233C277AAA043707 /* TimerUtil.swift */ = {isa = PBXFileReference; lastKnownFileType = sourcecode.swift; path = TimerUtil.swift; sourceTree = "<group>"; };
		559A66CEF0F73369022D1611 /* PerformanceLogger.swift */ = {isa = PBXFileReference; lastKnownFileType = sourcecode.swift; path = PerformanceLogger.swift; sourceTree = "<group>"; };
		57C21B2EE6BDA914F6C890D2 /* BlueMask.swift */ = {isa = PBXFileReference; lastKnownFileType = sourcecode.swift; path = BlueMask.swift; sourceTree = "<group>"; };
		607321279683514E876607AF /* Theme.swift */ = {isa = PBXFileReference; lastKnownFileType = sourcecode.swift; path = Theme.swift; sourceTree = "<group>"; };
		62B2692C0974CD9461CC7F02 /* DebugView.swift */ = {isa = PBXFileReference; lastKnownFileType = sourcecode.swift; path = DebugView.swift; sourceTree = "<group>"; };
		66B326C372860666FACEA487 /* AdsManager.swift */ = {isa = PBXFileReference; lastKnownFileType = sourcecode.swift; path = AdsManager.swift; sourceTree = "<group>"; };
		6C0D0A5F2DD5B58E2E6C48A9 /* CellDetectionTests.swift */ = {isa = PBXFileReference; lastKnownFileType = sourcecode.swift; path = CellDetectionTests.swift; sourceTree = "<group>"; };
		6C8614EEF77C50E3C321AE21 /* CaptureViewModelTests.swift */ = {isa = PBXFileReference; lastKnownFileType = sourcecode.swift; path = CaptureViewModelTests.swift; sourceTree = "<group>"; };
		6E2024D695F4BFC3DBF870C9 /* CoreModules.swift */ = {isa = PBXFileReference; lastKnownFileType = sourcecode.swift; path = CoreModules.swift; sourceTree = "<group>"; };
		6F7FA9A0B2854858845B9476 /* PDFExporter.swift */ = {isa = PBXFileReference; lastKnownFileType = sourcecode.swift; path = PDFExporter.swift; sourceTree = "<group>"; };
		705DF21EB28DAABCB1CAA176 /* ProPurchase.swift */ = {isa = PBXFileReference; lastKnownFileType = sourcecode.swift; path = ProPurchase.swift; sourceTree = "<group>"; };
		7314A96F12CA94A1BA4C7B82 /* SmartCellCounterUITests.xctest */ = {isa = PBXFileReference; includeInIndex = 0; lastKnownFileType = wrapper.cfbundle; path = SmartCellCounterUITests.xctest; sourceTree = BUILT_PRODUCTS_DIR; };
		75FE414E42D591A5C7BAF492 /* CropView.swift */ = {isa = PBXFileReference; lastKnownFileType = sourcecode.swift; path = CropView.swift; sourceTree = "<group>"; };
		809A0AC5E9FE3F482FA49548 /* CameraTypes.swift */ = {isa = PBXFileReference; lastKnownFileType = sourcecode.swift; path = CameraTypes.swift; sourceTree = "<group>"; };
		856725416984127B4F179D61 /* CaptureView.swift */ = {isa = PBXFileReference; lastKnownFileType = sourcecode.swift; path = CaptureView.swift; sourceTree = "<group>"; };
		882B11538C61A8D5EAB15225 /* DetectionView.swift */ = {isa = PBXFileReference; lastKnownFileType = sourcecode.swift; path = DetectionView.swift; sourceTree = "<group>"; };
		8916494CDE1D2E5243678676 /* ImagingPipelineTests.swift */ = {isa = PBXFileReference; lastKnownFileType = sourcecode.swift; path = ImagingPipelineTests.swift; sourceTree = "<group>"; };
		91ADB264B3BE0B9B7DA921E9 /* AboutView.swift */ = {isa = PBXFileReference; lastKnownFileType = sourcecode.swift; path = AboutView.swift; sourceTree = "<group>"; };
		936A7BCAB29804A3B22AB861 /* Info.plist */ = {isa = PBXFileReference; lastKnownFileType = text.plist; path = Info.plist; sourceTree = "<group>"; };
		98A282DC1F613BE507A4ECE0 /* ImageContext.swift */ = {isa = PBXFileReference; lastKnownFileType = sourcecode.swift; path = ImageContext.swift; sourceTree = "<group>"; };
		9A051A79053FB64D42BDCA15 /* ReviewView.swift */ = {isa = PBXFileReference; lastKnownFileType = sourcecode.swift; path = ReviewView.swift; sourceTree = "<group>"; };
		9E679B74CF32BA9A19CA94EC /* NumericField.swift */ = {isa = PBXFileReference; lastKnownFileType = sourcecode.swift; path = NumericField.swift; sourceTree = "<group>"; };
		A10C9974CAE60200765ACEE6 /* SettingsView.swift */ = {isa = PBXFileReference; lastKnownFileType = sourcecode.swift; path = SettingsView.swift; sourceTree = "<group>"; };
		A41A580F07C62EFE9F828E17 /* ImagingPipeline.swift */ = {isa = PBXFileReference; lastKnownFileType = sourcecode.swift; path = ImagingPipeline.swift; sourceTree = "<group>"; };
		A7DA178A7B74AE02F37B5B6C /* CameraService.swift */ = {isa = PBXFileReference; lastKnownFileType = sourcecode.swift; path = CameraService.swift; sourceTree = "<group>"; };
		A9B42408382F6FA639894FB4 /* DesignSystem.swift */ = {isa = PBXFileReference; lastKnownFileType = sourcecode.swift; path = DesignSystem.swift; sourceTree = "<group>"; };
		AD16A4C0D5670DA1ACFFF631 /* CellDetector.swift */ = {isa = PBXFileReference; lastKnownFileType = sourcecode.swift; path = CellDetector.swift; sourceTree = "<group>"; };
		AF9EFA7E4147E779BC7605DD /* TextureFilter.swift */ = {isa = PBXFileReference; lastKnownFileType = sourcecode.swift; path = TextureFilter.swift; sourceTree = "<group>"; };
		B060CC4C710F89CE69C3404A /* StorageService.swift */ = {isa = PBXFileReference; lastKnownFileType = sourcecode.swift; path = StorageService.swift; sourceTree = "<group>"; };
		B66EB53654C312790A74858C /* GeometryUtilsTests.swift */ = {isa = PBXFileReference; lastKnownFileType = sourcecode.swift; path = GeometryUtilsTests.swift; sourceTree = "<group>"; };
		B6B582C935CCD5D4C7CEF308 /* Settings.swift */ = {isa = PBXFileReference; lastKnownFileType = sourcecode.swift; path = Settings.swift; sourceTree = "<group>"; };
		B8D2E80D162AAC93E6686377 /* Metrics.swift */ = {isa = PBXFileReference; lastKnownFileType = sourcecode.swift; path = Metrics.swift; sourceTree = "<group>"; };
		B909E5F00E2A9B318F1A2073 /* Sample.swift */ = {isa = PBXFileReference; lastKnownFileType = sourcecode.swift; path = Sample.swift; sourceTree = "<group>"; };
		C5E8BE77F136615805D6363C /* Utilities.swift */ = {isa = PBXFileReference; lastKnownFileType = sourcecode.swift; path = Utilities.swift; sourceTree = "<group>"; };
		C5F44AC5033AB84B4E822A10 /* SyntheticImageFactory.swift */ = {isa = PBXFileReference; lastKnownFileType = sourcecode.swift; path = SyntheticImageFactory.swift; sourceTree = "<group>"; };
		C6B8E79D6766C856F6A50F60 /* NMS.swift */ = {isa = PBXFileReference; lastKnownFileType = sourcecode.swift; path = NMS.swift; sourceTree = "<group>"; };
		CA1549B05847B2641A0705AC /* SettingsStoreTests.swift */ = {isa = PBXFileReference; lastKnownFileType = sourcecode.swift; path = SettingsStoreTests.swift; sourceTree = "<group>"; };
		D2A4293154004ECCD9F3642A /* ConsentView.swift */ = {isa = PBXFileReference; lastKnownFileType = sourcecode.swift; path = ConsentView.swift; sourceTree = "<group>"; };
		D4B806875617ACB2E5307D3D /* PurchaseManagerTests.swift */ = {isa = PBXFileReference; lastKnownFileType = sourcecode.swift; path = PurchaseManagerTests.swift; sourceTree = "<group>"; };
		D737B7EF32F5514AF57635EB /* SmartCellCounterApp.swift */ = {isa = PBXFileReference; lastKnownFileType = sourcecode.swift; path = SmartCellCounterApp.swift; sourceTree = "<group>"; };
		D742455E10EF7E5924A4147A /* IlluminationCorrector.swift */ = {isa = PBXFileReference; lastKnownFileType = sourcecode.swift; path = IlluminationCorrector.swift; sourceTree = "<group>"; };
		D7AD1E6D070DDEB8B8CF9864 /* ImagingTests.swift */ = {isa = PBXFileReference; lastKnownFileType = sourcecode.swift; path = ImagingTests.swift; sourceTree = "<group>"; };
		D84F13AF58EC97D3C064BA5D /* CrashReporter.swift */ = {isa = PBXFileReference; lastKnownFileType = sourcecode.swift; path = CrashReporter.swift; sourceTree = "<group>"; };
		D99828546F2E7C807461D0D1 /* CountingServiceTests.swift */ = {isa = PBXFileReference; lastKnownFileType = sourcecode.swift; path = CountingServiceTests.swift; sourceTree = "<group>"; };
		DAF0BEE5D2458BFD6473C134 /* ResultsView.swift */ = {isa = PBXFileReference; lastKnownFileType = sourcecode.swift; path = ResultsView.swift; sourceTree = "<group>"; };
		DDA3BC306520D60EAB0F9A3C /* DebugOverlayView.swift */ = {isa = PBXFileReference; lastKnownFileType = sourcecode.swift; path = DebugOverlayView.swift; sourceTree = "<group>"; };
		DF885C0A9EA2D4D2E1AC8620 /* GeometryUtils.swift */ = {isa = PBXFileReference; lastKnownFileType = sourcecode.swift; path = GeometryUtils.swift; sourceTree = "<group>"; };
		E22CC6359448C8DFAC60FABE /* RingGauge.swift */ = {isa = PBXFileReference; lastKnownFileType = sourcecode.swift; path = RingGauge.swift; sourceTree = "<group>"; };
		EDF238ED9A381B41ACAED19F /* SmartCellCounterTests.swift */ = {isa = PBXFileReference; lastKnownFileType = sourcecode.swift; path = SmartCellCounterTests.swift; sourceTree = "<group>"; };
		F10CDCBF0DBF053E8D027144 /* Classifier.swift */ = {isa = PBXFileReference; lastKnownFileType = sourcecode.swift; path = Classifier.swift; sourceTree = "<group>"; };
		F19B30F24140314439759CEF /* ViabilityClassifier.swift */ = {isa = PBXFileReference; lastKnownFileType = sourcecode.swift; path = ViabilityClassifier.swift; sourceTree = "<group>"; };
		F200A38A58EC3AA62AB67744 /* ImageSelectionView.swift */ = {isa = PBXFileReference; lastKnownFileType = sourcecode.swift; path = ImageSelectionView.swift; sourceTree = "<group>"; };
		F27A19BB821FED4FB1876E5C /* PrivacyInfo.xcprivacy */ = {isa = PBXFileReference; path = PrivacyInfo.xcprivacy; sourceTree = "<group>"; };
		F374928488DD9789C6974C64 /* Calibration.swift */ = {isa = PBXFileReference; lastKnownFileType = sourcecode.swift; path = Calibration.swift; sourceTree = "<group>"; };
		F7B357198385B5404C6ED5EA /* PaywallView.swift */ = {isa = PBXFileReference; lastKnownFileType = sourcecode.swift; path = PaywallView.swift; sourceTree = "<group>"; };
		FA2BB81FB221AD680F61E95F /* SmartCellCounterTests.xctest */ = {isa = PBXFileReference; includeInIndex = 0; lastKnownFileType = wrapper.cfbundle; path = SmartCellCounterTests.xctest; sourceTree = BUILT_PRODUCTS_DIR; };
		FB8D757CDCB6BDF4A0E1A67A /* QATestsView.swift */ = {isa = PBXFileReference; lastKnownFileType = sourcecode.swift; path = QATestsView.swift; sourceTree = "<group>"; };
		FCDF93CBB80671412D1CD808 /* SelectionOverlay.swift */ = {isa = PBXFileReference; lastKnownFileType = sourcecode.swift; path = SelectionOverlay.swift; sourceTree = "<group>"; };
/* End PBXFileReference section */

/* Begin PBXFrameworksBuildPhase section */
		3EB82650BF0F0D021A51DBD3 /* Frameworks */ = {
			isa = PBXFrameworksBuildPhase;
			buildActionMask = 2147483647;
			files = (
				2124DC8942EFDC170770DDB7 /* GRDB in Frameworks */,
			);
			runOnlyForDeploymentPostprocessing = 0;
		};
/* End PBXFrameworksBuildPhase section */

/* Begin PBXGroup section */
		01CE041166BDCD2EFAABBCBF /* Ads */ = {
			isa = PBXGroup;
			children = (
				66B326C372860666FACEA487 /* AdsManager.swift */,
			);
			path = Ads;
			sourceTree = "<group>";
		};
		03FD4A70585D66B4A9CF58BF /* Utilities */ = {
			isa = PBXGroup;
			children = (
				52AB4987313AC0679CD29980 /* AppError.swift */,
				06ECD0D1E631F6C40A9A8A8F /* ColorSpaces.swift */,
				D84F13AF58EC97D3C064BA5D /* CrashReporter.swift */,
				A9B42408382F6FA639894FB4 /* DesignSystem.swift */,
				DF885C0A9EA2D4D2E1AC8620 /* GeometryUtils.swift */,
				38D5B581A048557D99EE5D39 /* Haptics.swift */,
				98A282DC1F613BE507A4ECE0 /* ImageContext.swift */,
				559A66CEF0F73369022D1611 /* PerformanceLogger.swift */,
				B6B582C935CCD5D4C7CEF308 /* Settings.swift */,
				607321279683514E876607AF /* Theme.swift */,
				5484987B233C277AAA043707 /* TimerUtil.swift */,
				C5E8BE77F136615805D6363C /* Utilities.swift */,
			);
			path = Utilities;
			sourceTree = "<group>";
		};
		0CEAD4565ED212091AFB1861 /* Paywall */ = {
			isa = PBXGroup;
			children = (
				F7B357198385B5404C6ED5EA /* PaywallView.swift */,
			);
			path = Paywall;
			sourceTree = "<group>";
		};
		135C9788AB5A3BADCD036229 /* Vision */ = {
			isa = PBXGroup;
			children = (
				3179A1018F088A320065B4FA /* BlobDetector.swift */,
				57C21B2EE6BDA914F6C890D2 /* BlueMask.swift */,
				F374928488DD9789C6974C64 /* Calibration.swift */,
				AD16A4C0D5670DA1ACFFF631 /* CellDetector.swift */,
				F10CDCBF0DBF053E8D027144 /* Classifier.swift */,
				DDA3BC306520D60EAB0F9A3C /* DebugOverlayView.swift */,
				000618F426AC9815AF0E73C6 /* DetectorParams.swift */,
				056CEF5E9E9CD9F8A690AE9B /* GridSuppressor.swift */,
				D742455E10EF7E5924A4147A /* IlluminationCorrector.swift */,
				B8D2E80D162AAC93E6686377 /* Metrics.swift */,
				C6B8E79D6766C856F6A50F60 /* NMS.swift */,
				AF9EFA7E4147E779BC7605DD /* TextureFilter.swift */,
			);
			path = Vision;
			sourceTree = "<group>";
		};
		155D4D1A48F17C53450B5118 /* Consent */ = {
			isa = PBXGroup;
			children = (
				D2A4293154004ECCD9F3642A /* ConsentView.swift */,
			);
			path = Consent;
			sourceTree = "<group>";
		};
		245054D69FB39D68312C9B4C /* Sources */ = {
			isa = PBXGroup;
			children = (
				956ACC5388FBCCCD9C63B9B9 /* SmartCellCounter */,
			);
			path = Sources;
			sourceTree = "<group>";
		};
		2B5046543FA48B22443707CC /* Viability */ = {
			isa = PBXGroup;
			children = (
				F19B30F24140314439759CEF /* ViabilityClassifier.swift */,
			);
			path = Viability;
			sourceTree = "<group>";
		};
		374BCBA6D05B33DD0BEACA1A /* Detection */ = {
			isa = PBXGroup;
			children = (
				882B11538C61A8D5EAB15225 /* DetectionView.swift */,
			);
			path = Detection;
			sourceTree = "<group>";
		};
		4375B0583EBB5489BF5DDB12 /* Products */ = {
			isa = PBXGroup;
			children = (
				06B9BF9C9C72F1D9261C9C4C /* SmartCellCounter.app */,
				FA2BB81FB221AD680F61E95F /* SmartCellCounterTests.xctest */,
				7314A96F12CA94A1BA4C7B82 /* SmartCellCounterUITests.xctest */,
			);
			name = Products;
			sourceTree = "<group>";
		};
		5226CCAF1F455DC370A9E688 /* Settings */ = {
			isa = PBXGroup;
			children = (
				91ADB264B3BE0B9B7DA921E9 /* AboutView.swift */,
				9E679B74CF32BA9A19CA94EC /* NumericField.swift */,
				4CC72C80203D8F49E64C3E2A /* SettingsStore.swift */,
				A10C9974CAE60200765ACEE6 /* SettingsView.swift */,
			);
			path = Settings;
			sourceTree = "<group>";
		};
		52F4609D9EFCFC918733E782 /* Selection */ = {
			isa = PBXGroup;
			children = (
				F200A38A58EC3AA62AB67744 /* ImageSelectionView.swift */,
				FCDF93CBB80671412D1CD808 /* SelectionOverlay.swift */,
			);
			path = Selection;
			sourceTree = "<group>";
		};
		6007C868BE369D9A141D8812 /* Privacy */ = {
			isa = PBXGroup;
			children = (
				05ED17EAE9CCC41ECAC168FF /* ConsentManager.swift */,
			);
			path = Privacy;
			sourceTree = "<group>";
		};
		6174F897BAB82101F4A7E031 /* Common */ = {
			isa = PBXGroup;
			children = (
				1F8F4E0724B8E4B54FF28CAF /* AnimatedGradientHeader.swift */,
				E22CC6359448C8DFAC60FABE /* RingGauge.swift */,
			);
			path = Common;
			sourceTree = "<group>";
		};
		64E0456668FCC74CCACB8976 /* Monetization */ = {
			isa = PBXGroup;
			children = (
				705DF21EB28DAABCB1CAA176 /* ProPurchase.swift */,
			);
			path = Monetization;
			sourceTree = "<group>";
		};
		6B683DAD05D6DD1D5B7CA685 /* Features */ = {
			isa = PBXGroup;
			children = (
				7117E98E7C5CAC7BB569F714 /* Capture */,
				6174F897BAB82101F4A7E031 /* Common */,
				155D4D1A48F17C53450B5118 /* Consent */,
				BC57027F3267C52D8DA10A4F /* Crop */,
				F3EE2CC50D0C0267B787DCDC /* Debug */,
				374BCBA6D05B33DD0BEACA1A /* Detection */,
				75B37CA0716A09CDE1392E38 /* Help */,
				AB7761244FCB3B29DF7DB98D /* History */,
				0CEAD4565ED212091AFB1861 /* Paywall */,
				77913D3915709365E1878D3D /* Results */,
				9580B72E37B89E61F5625C62 /* Review */,
				52F4609D9EFCFC918733E782 /* Selection */,
				5226CCAF1F455DC370A9E688 /* Settings */,
			);
			path = Features;
			sourceTree = "<group>";
		};
		6C3675E178D53CBDEB2918E9 /* Models */ = {
			isa = PBXGroup;
			children = (
				B909E5F00E2A9B318F1A2073 /* Sample.swift */,
			);
			path = Models;
			sourceTree = "<group>";
		};
		6C7DC86ABAD2639ACFA9A4C0 /* Export */ = {
			isa = PBXGroup;
			children = (
				1ECFD6BCD926EA715CF49E1D /* CSVExporter.swift */,
				6F7FA9A0B2854858845B9476 /* PDFExporter.swift */,
			);
			path = Export;
			sourceTree = "<group>";
		};
		6EA7DF681C411B69ED4193F9 /* Math */ = {
			isa = PBXGroup;
			children = (
				14153B1DE20E0613F26247E7 /* Hemocytometer.swift */,
			);
			path = Math;
			sourceTree = "<group>";
		};
		7117E98E7C5CAC7BB569F714 /* Capture */ = {
			isa = PBXGroup;
			children = (
				4DDE8A2AB24E9455806AB652 /* CameraPreviewView.swift */,
				856725416984127B4F179D61 /* CaptureView.swift */,
			);
			path = Capture;
			sourceTree = "<group>";
		};
		7548CAF30AE94DB0F69A6A30 /* Imaging */ = {
			isa = PBXGroup;
			children = (
				A7DA178A7B74AE02F37B5B6C /* CameraService.swift */,
				809A0AC5E9FE3F482FA49548 /* CameraTypes.swift */,
				A41A580F07C62EFE9F828E17 /* ImagingPipeline.swift */,
				0DBA09A8B940E14DE82CED8F /* ImagingService.swift */,
				4A38077C1CE3A0B14B984C7D /* ImagingTypes.swift */,
			);
			path = Imaging;
			sourceTree = "<group>";
		};
		75B37CA0716A09CDE1392E38 /* Help */ = {
			isa = PBXGroup;
			children = (
				19BC4FCC37C20F3C68FA10B9 /* HelpView.swift */,
			);
			path = Help;
			sourceTree = "<group>";
		};
		77913D3915709365E1878D3D /* Results */ = {
			isa = PBXGroup;
			children = (
				DAF0BEE5D2458BFD6473C134 /* ResultsView.swift */,
			);
			path = Results;
			sourceTree = "<group>";
		};
		918D14421A7F74A2100DC02E /* Core */ = {
			isa = PBXGroup;
			children = (
				6E2024D695F4BFC3DBF870C9 /* CoreModules.swift */,
				01CE041166BDCD2EFAABBCBF /* Ads */,
				FD11BF44944C09023D6963CD /* Counting */,
				6C7DC86ABAD2639ACFA9A4C0 /* Export */,
				7548CAF30AE94DB0F69A6A30 /* Imaging */,
				6EA7DF681C411B69ED4193F9 /* Math */,
				6C3675E178D53CBDEB2918E9 /* Models */,
				64E0456668FCC74CCACB8976 /* Monetization */,
				6007C868BE369D9A141D8812 /* Privacy */,
				AC14970FE9A2578E543CC4A9 /* Storage */,
				03FD4A70585D66B4A9CF58BF /* Utilities */,
				2B5046543FA48B22443707CC /* Viability */,
				135C9788AB5A3BADCD036229 /* Vision */,
			);
			path = Core;
			sourceTree = "<group>";
		};
		956ACC5388FBCCCD9C63B9B9 /* SmartCellCounter */ = {
			isa = PBXGroup;
			children = (
				356BB64DF6574A620E6962F0 /* Assets.xcassets */,
				936A7BCAB29804A3B22AB861 /* Info.plist */,
				F27A19BB821FED4FB1876E5C /* PrivacyInfo.xcprivacy */,
				D737B7EF32F5514AF57635EB /* SmartCellCounterApp.swift */,
				918D14421A7F74A2100DC02E /* Core */,
				6B683DAD05D6DD1D5B7CA685 /* Features */,
			);
			path = SmartCellCounter;
			sourceTree = "<group>";
		};
		9580B72E37B89E61F5625C62 /* Review */ = {
			isa = PBXGroup;
			children = (
				9A051A79053FB64D42BDCA15 /* ReviewView.swift */,
			);
			path = Review;
			sourceTree = "<group>";
		};
		A9C4188E80E70AF09D0FDC40 /* SmartCellCounterTests */ = {
			isa = PBXGroup;
			children = (
				50055A6026810C4EE299819B /* CameraServiceTests.swift */,
				6C8614EEF77C50E3C321AE21 /* CaptureViewModelTests.swift */,
				6C0D0A5F2DD5B58E2E6C48A9 /* CellDetectionTests.swift */,
				D99828546F2E7C807461D0D1 /* CountingServiceTests.swift */,
				3AA8FF975FD73C6F7BEACB32 /* CountingTests.swift */,
				403085ADF98B144CB7C93206 /* FakeCameraService.swift */,
				B66EB53654C312790A74858C /* GeometryUtilsTests.swift */,
				8916494CDE1D2E5243678676 /* ImagingPipelineTests.swift */,
				D7AD1E6D070DDEB8B8CF9864 /* ImagingTests.swift */,
				D4B806875617ACB2E5307D3D /* PurchaseManagerTests.swift */,
				CA1549B05847B2641A0705AC /* SettingsStoreTests.swift */,
				EDF238ED9A381B41ACAED19F /* SmartCellCounterTests.swift */,
				D49046D373F1F779B9DA1F0C /* Fixtures */,
			);
			path = SmartCellCounterTests;
			sourceTree = "<group>";
		};
		AABB5BC949F3F00ED3F8D243 = {
			isa = PBXGroup;
			children = (
				245054D69FB39D68312C9B4C /* Sources */,
				B49788BCCC7346B83A2F4638 /* Tests */,
				4375B0583EBB5489BF5DDB12 /* Products */,
			);
			sourceTree = "<group>";
		};
		AB7761244FCB3B29DF7DB98D /* History */ = {
			isa = PBXGroup;
			children = (
				2773D955448165227968BBB7 /* HistoryView.swift */,
			);
			path = History;
			sourceTree = "<group>";
		};
		AC14970FE9A2578E543CC4A9 /* Storage */ = {
			isa = PBXGroup;
			children = (
				B060CC4C710F89CE69C3404A /* StorageService.swift */,
			);
			path = Storage;
			sourceTree = "<group>";
		};
		AE0E3BDA50A97294D9C3EFCD /* SmartCellCounterUITests */ = {
			isa = PBXGroup;
			children = (
				14C548713783D0458C704C59 /* SmartCellCounterUITests.swift */,
			);
			path = SmartCellCounterUITests;
			sourceTree = "<group>";
		};
		B49788BCCC7346B83A2F4638 /* Tests */ = {
			isa = PBXGroup;
			children = (
				A9C4188E80E70AF09D0FDC40 /* SmartCellCounterTests */,
				AE0E3BDA50A97294D9C3EFCD /* SmartCellCounterUITests */,
			);
			path = Tests;
			sourceTree = "<group>";
		};
		BC57027F3267C52D8DA10A4F /* Crop */ = {
			isa = PBXGroup;
			children = (
				02D787AFA831EC4ACE9CAE29 /* CornerEditorView.swift */,
				75FE414E42D591A5C7BAF492 /* CropView.swift */,
			);
			path = Crop;
			sourceTree = "<group>";
		};
		D49046D373F1F779B9DA1F0C /* Fixtures */ = {
			isa = PBXGroup;
			children = (
				C5F44AC5033AB84B4E822A10 /* SyntheticImageFactory.swift */,
			);
			path = Fixtures;
			sourceTree = "<group>";
		};
		F3EE2CC50D0C0267B787DCDC /* Debug */ = {
			isa = PBXGroup;
			children = (
				62B2692C0974CD9461CC7F02 /* DebugView.swift */,
				FB8D757CDCB6BDF4A0E1A67A /* QATestsView.swift */,
			);
			path = Debug;
			sourceTree = "<group>";
		};
		FD11BF44944C09023D6963CD /* Counting */ = {
			isa = PBXGroup;
			children = (
				291D45DCCB2B35E09EB69C71 /* CountingService.swift */,
			);
			path = Counting;
			sourceTree = "<group>";
		};
/* End PBXGroup section */

/* Begin PBXNativeTarget section */
		48C5367F77709ED7AE925347 /* SmartCellCounter */ = {
			isa = PBXNativeTarget;
			buildConfigurationList = 2EB9C76C21C25A580E9CF6E0 /* Build configuration list for PBXNativeTarget "SmartCellCounter" */;
			buildPhases = (
				1154EEDF5A2D6F4B521B4D3F /* Sources */,
				AE4BDEB6F68221331F63696B /* Resources */,
				3EB82650BF0F0D021A51DBD3 /* Frameworks */,
			);
			buildRules = (
			);
			dependencies = (
			);
			name = SmartCellCounter;
			packageProductDependencies = (
				DEED0CD32F3A1C11ED660D90 /* GRDB */,
			);
			productName = SmartCellCounter;
			productReference = 06B9BF9C9C72F1D9261C9C4C /* SmartCellCounter.app */;
			productType = "com.apple.product-type.application";
		};
		D934DE857D5EEEE3C4F96DFE /* SmartCellCounterUITests */ = {
			isa = PBXNativeTarget;
			buildConfigurationList = F7719B92F2887B2C71C40A3C /* Build configuration list for PBXNativeTarget "SmartCellCounterUITests" */;
			buildPhases = (
				53537ABA7E99252CBF37CBA9 /* Sources */,
			);
			buildRules = (
			);
			dependencies = (
				DA55C5B6A27949D5FB0755BF /* PBXTargetDependency */,
			);
			name = SmartCellCounterUITests;
			packageProductDependencies = (
			);
			productName = SmartCellCounterUITests;
			productReference = 7314A96F12CA94A1BA4C7B82 /* SmartCellCounterUITests.xctest */;
			productType = "com.apple.product-type.bundle.ui-testing";
		};
		E1CF21FFB29F6F7262E4FDAF /* SmartCellCounterTests */ = {
			isa = PBXNativeTarget;
			buildConfigurationList = DECDB82355A28D4A678D6D0B /* Build configuration list for PBXNativeTarget "SmartCellCounterTests" */;
			buildPhases = (
				C47C931E27C59476D07B7BA7 /* Sources */,
			);
			buildRules = (
			);
			dependencies = (
				95277C21DF15DE45EA5DDA11 /* PBXTargetDependency */,
			);
			name = SmartCellCounterTests;
			packageProductDependencies = (
			);
			productName = SmartCellCounterTests;
			productReference = FA2BB81FB221AD680F61E95F /* SmartCellCounterTests.xctest */;
			productType = "com.apple.product-type.bundle.unit-test";
		};
/* End PBXNativeTarget section */

/* Begin PBXProject section */
		262384792FBB033F3AF28331 /* Project object */ = {
			isa = PBXProject;
			attributes = {
				BuildIndependentTargetsInParallel = YES;
				LastUpgradeCheck = 1430;
				TargetAttributes = {
					48C5367F77709ED7AE925347 = {
						DevelopmentTeam = ABCDE12345;
						ProvisioningStyle = Automatic;
					};
					D934DE857D5EEEE3C4F96DFE = {
						DevelopmentTeam = ABCDE12345;
						ProvisioningStyle = Automatic;
						TestTargetID = 48C5367F77709ED7AE925347;
					};
					E1CF21FFB29F6F7262E4FDAF = {
						DevelopmentTeam = ABCDE12345;
						ProvisioningStyle = Automatic;
					};
				};
			};
			buildConfigurationList = E784A69D9A8F2635008633AD /* Build configuration list for PBXProject "SmartCellCounter" */;
			compatibilityVersion = "Xcode 14.0";
			developmentRegion = en;
			hasScannedForEncodings = 0;
			knownRegions = (
				Base,
				en,
			);
			mainGroup = AABB5BC949F3F00ED3F8D243;
			minimizedProjectReferenceProxies = 1;
			packageReferences = (
				ACA78C0AEE9005ACE2F42BC8 /* XCRemoteSwiftPackageReference "GRDB.swift" */,
			);
			preferredProjectObjectVersion = 77;
			projectDirPath = "";
			projectRoot = "";
			targets = (
				48C5367F77709ED7AE925347 /* SmartCellCounter */,
				E1CF21FFB29F6F7262E4FDAF /* SmartCellCounterTests */,
				D934DE857D5EEEE3C4F96DFE /* SmartCellCounterUITests */,
			);
		};
/* End PBXProject section */

/* Begin PBXResourcesBuildPhase section */
		AE4BDEB6F68221331F63696B /* Resources */ = {
			isa = PBXResourcesBuildPhase;
			buildActionMask = 2147483647;
			files = (
				AA954E0B78481CE964FDC15A /* Assets.xcassets in Resources */,
				F7AA8040E06F152E50B5F628 /* PrivacyInfo.xcprivacy in Resources */,
			);
			runOnlyForDeploymentPostprocessing = 0;
		};
/* End PBXResourcesBuildPhase section */

/* Begin PBXSourcesBuildPhase section */
		1154EEDF5A2D6F4B521B4D3F /* Sources */ = {
			isa = PBXSourcesBuildPhase;
			buildActionMask = 2147483647;
			files = (
				4547D0B2579DCEA2039ECA1F /* AboutView.swift in Sources */,
				7C268E483935C9774E0FE176 /* AdsManager.swift in Sources */,
				13CBB1C080FACDD5560DCB5D /* AnimatedGradientHeader.swift in Sources */,
				C7D186CCBA829BEA89C029AE /* AppError.swift in Sources */,
				E46AE625C80ECE2F1954A54F /* BlobDetector.swift in Sources */,
				5AD2925A9222C84D52A153DE /* BlueMask.swift in Sources */,
				216C739599D3FE28D74A32D8 /* CSVExporter.swift in Sources */,
				6CED281492A72653FEE76736 /* Calibration.swift in Sources */,
				CCA16B94861722C19762CA71 /* CameraPreviewView.swift in Sources */,
				8786569A3C145B37547C41D2 /* CameraService.swift in Sources */,
				3817FB15BCCFDBD3BC3E824E /* CameraTypes.swift in Sources */,
				AFA3A2E664EEF1A7CD680EC1 /* CaptureView.swift in Sources */,
				ACB4EE09310D940CF6039EF9 /* CellDetector.swift in Sources */,
				B3A7D0CA9AB71DCA26EA48ED /* Classifier.swift in Sources */,
				4581E1CBFD42557628BDD3D3 /* ColorSpaces.swift in Sources */,
				BB4DFDC276396B87542A3151 /* ConsentManager.swift in Sources */,
				BFF212DFAAF712714613472A /* ConsentView.swift in Sources */,
				C3A4E8E65BED0190D496A115 /* CoreModules.swift in Sources */,
				0985E320343DA54FD0BABD12 /* CornerEditorView.swift in Sources */,
				35EB96FC2582645835B15202 /* CountingService.swift in Sources */,
				21FE0F5F524D1ED7587526B4 /* CrashReporter.swift in Sources */,
				587854FED3E092A6A0113EE6 /* CropView.swift in Sources */,
				B501E0F1768A4C4BCED09701 /* DebugOverlayView.swift in Sources */,
				6529CDDBA7B176EA14B6AE2C /* DebugView.swift in Sources */,
				30951517681682DB8AEE3C16 /* DesignSystem.swift in Sources */,
				BF199A66C318B601868EAC8C /* DetectionView.swift in Sources */,
				2CF84D7B4F6C491820265211 /* DetectorParams.swift in Sources */,
				5AF50CB6DD0DE53B84BED654 /* GeometryUtils.swift in Sources */,
				ACE65925B2590AEA3CB8D855 /* GridSuppressor.swift in Sources */,
				B588FE3D33E982F4149AB33E /* Haptics.swift in Sources */,
				B86025D4ED0DA5BED781E6A9 /* HelpView.swift in Sources */,
				DD14587F9F90FADE48876D30 /* Hemocytometer.swift in Sources */,
				7B4FA1EDEC050556862FFC42 /* HistoryView.swift in Sources */,
				5BE4E0F4365BA96CD538D1C3 /* IlluminationCorrector.swift in Sources */,
				3CD50704B347275672A1C7FB /* ImageContext.swift in Sources */,
				25F833F7C33F13353C6AEF6E /* ImageSelectionView.swift in Sources */,
				FB732673C37B841300724197 /* ImagingPipeline.swift in Sources */,
				68E302878F4E87A94A42A80E /* ImagingService.swift in Sources */,
				E74D4C612B7217667BE059A3 /* ImagingTypes.swift in Sources */,
				4ACC47290AAED42CAF34A1D5 /* Metrics.swift in Sources */,
				C4DDB68DAC3F548178996761 /* NMS.swift in Sources */,
				AE7516BC9CA991B8FA17125A /* NumericField.swift in Sources */,
				D321E0781A1A57D6D7AE0721 /* PDFExporter.swift in Sources */,
				69403E39CCD251D106CAA3FE /* PaywallView.swift in Sources */,
				6465B66918D2355EEEA1FCED /* PerformanceLogger.swift in Sources */,
				B96F242084332F0413B22462 /* ProPurchase.swift in Sources */,
				591CCCB2AB77D5CCF5868BD7 /* QATestsView.swift in Sources */,
				2B25E5EAEA889B869F621B89 /* ResultsView.swift in Sources */,
				42AFF9F2E70A8EBDF40F2754 /* ReviewView.swift in Sources */,
				F78F0E3CD26A49A6351D1206 /* RingGauge.swift in Sources */,
				E84BA3F6C52946E6CFCA1A22 /* Sample.swift in Sources */,
				D0086022B7DCE60199AFFAAB /* SelectionOverlay.swift in Sources */,
				948066AA0796792897C9CAD6 /* Settings.swift in Sources */,
				B4F23759FBD1FAA6F8FFE35F /* SettingsStore.swift in Sources */,
				7B4829540C425EFBCE33DD79 /* SettingsView.swift in Sources */,
				253D7C9201B15ADEA579E817 /* SmartCellCounterApp.swift in Sources */,
				613A545D2FA7758FD052F32F /* StorageService.swift in Sources */,
				E5D96CF4F2B9D54B93820F08 /* TextureFilter.swift in Sources */,
				5189BFBFBE44663DDB42E70A /* Theme.swift in Sources */,
				0B1BDE136C9BFAE849C6F58E /* TimerUtil.swift in Sources */,
				DBAA2465D861C60278FA9A88 /* Utilities.swift in Sources */,
				CA65E04104BEF177B1CA943F /* ViabilityClassifier.swift in Sources */,
			);
			runOnlyForDeploymentPostprocessing = 0;
		};
		53537ABA7E99252CBF37CBA9 /* Sources */ = {
			isa = PBXSourcesBuildPhase;
			buildActionMask = 2147483647;
			files = (
				D92A646B6BE93F88B8CF6760 /* SmartCellCounterUITests.swift in Sources */,
			);
			runOnlyForDeploymentPostprocessing = 0;
		};
		C47C931E27C59476D07B7BA7 /* Sources */ = {
			isa = PBXSourcesBuildPhase;
			buildActionMask = 2147483647;
			files = (
				3C9BB187CEFAD6329B6D57F9 /* CameraServiceTests.swift in Sources */,
				09DCA78DE8231FA4CE775528 /* CaptureViewModelTests.swift in Sources */,
				BA191EA6FECF45DAB6CA0E98 /* CellDetectionTests.swift in Sources */,
				0AAC627CFD2E8660D1B7CBC5 /* CountingServiceTests.swift in Sources */,
				AD789D084EDFC192DCD81F0F /* CountingTests.swift in Sources */,
				30E0C3BA46C9347B876F7744 /* FakeCameraService.swift in Sources */,
				6B8F138D2EDCCCB57B8D4C8D /* GeometryUtilsTests.swift in Sources */,
				38AB1DAA1B45829CF3787777 /* ImagingPipelineTests.swift in Sources */,
				32532B45CAC884745282E30A /* ImagingTests.swift in Sources */,
				153CBD1D7FDBE7E3BE783150 /* PurchaseManagerTests.swift in Sources */,
				0D1D16AFFB6AC6A08391CF35 /* SettingsStoreTests.swift in Sources */,
				BC9F0DC5469D992229C529AD /* SmartCellCounterTests.swift in Sources */,
				38E474CD55011FA561244805 /* SyntheticImageFactory.swift in Sources */,
			);
			runOnlyForDeploymentPostprocessing = 0;
		};
/* End PBXSourcesBuildPhase section */

/* Begin PBXTargetDependency section */
		95277C21DF15DE45EA5DDA11 /* PBXTargetDependency */ = {
			isa = PBXTargetDependency;
			target = 48C5367F77709ED7AE925347 /* SmartCellCounter */;
			targetProxy = A4975BAA68EB22F8906DC8F3 /* PBXContainerItemProxy */;
		};
		DA55C5B6A27949D5FB0755BF /* PBXTargetDependency */ = {
			isa = PBXTargetDependency;
			target = 48C5367F77709ED7AE925347 /* SmartCellCounter */;
			targetProxy = 8B6E0FF1D486EC99500867C8 /* PBXContainerItemProxy */;
		};
/* End PBXTargetDependency section */

/* Begin XCBuildConfiguration section */
		010968064E98DBB4D3E77ED5 /* Release */ = {
			isa = XCBuildConfiguration;
			buildSettings = {
				BUNDLE_LOADER = "$(TEST_HOST)";
				LD_RUNPATH_SEARCH_PATHS = (
					"$(inherited)",
					"@executable_path/Frameworks",
					"@loader_path/Frameworks",
				);
				SDKROOT = iphoneos;
				TARGETED_DEVICE_FAMILY = "1,2";
				TEST_TARGET_NAME = SmartCellCounter;
			};
			name = Release;
		};
		5BD9FB14275E3CBC258D596D /* Debug */ = {
			isa = XCBuildConfiguration;
			buildSettings = {
				BUNDLE_LOADER = "$(TEST_HOST)";
				LD_RUNPATH_SEARCH_PATHS = (
					"$(inherited)",
					"@executable_path/Frameworks",
					"@loader_path/Frameworks",
				);
				SDKROOT = iphoneos;
				TARGETED_DEVICE_FAMILY = "1,2";
				TEST_HOST = "$(BUILT_PRODUCTS_DIR)/SmartCellCounter.app/SmartCellCounter";
			};
			name = Debug;
		};
		65FF2F057531FDBC2497519C /* Release */ = {
			isa = XCBuildConfiguration;
			buildSettings = {
				ALWAYS_SEARCH_USER_PATHS = NO;
				CLANG_ANALYZER_NONNULL = YES;
				CLANG_ANALYZER_NUMBER_OBJECT_CONVERSION = YES_AGGRESSIVE;
				CLANG_CXX_LANGUAGE_STANDARD = "gnu++14";
				CLANG_CXX_LIBRARY = "libc++";
				CLANG_ENABLE_MODULES = YES;
				CLANG_ENABLE_OBJC_ARC = YES;
				CLANG_ENABLE_OBJC_WEAK = YES;
				CLANG_WARN_BLOCK_CAPTURE_AUTORELEASING = YES;
				CLANG_WARN_BOOL_CONVERSION = YES;
				CLANG_WARN_COMMA = YES;
				CLANG_WARN_CONSTANT_CONVERSION = YES;
				CLANG_WARN_DEPRECATED_OBJC_IMPLEMENTATIONS = YES;
				CLANG_WARN_DIRECT_OBJC_ISA_USAGE = YES_ERROR;
				CLANG_WARN_DOCUMENTATION_COMMENTS = YES;
				CLANG_WARN_EMPTY_BODY = YES;
				CLANG_WARN_ENUM_CONVERSION = YES;
				CLANG_WARN_INFINITE_RECURSION = YES;
				CLANG_WARN_INT_CONVERSION = YES;
				CLANG_WARN_NON_LITERAL_NULL_CONVERSION = YES;
				CLANG_WARN_OBJC_IMPLICIT_RETAIN_SELF = YES;
				CLANG_WARN_OBJC_LITERAL_CONVERSION = YES;
				CLANG_WARN_OBJC_ROOT_CLASS = YES_ERROR;
				CLANG_WARN_QUOTED_INCLUDE_IN_FRAMEWORK_HEADER = YES;
				CLANG_WARN_RANGE_LOOP_ANALYSIS = YES;
				CLANG_WARN_STRICT_PROTOTYPES = YES;
				CLANG_WARN_SUSPICIOUS_MOVE = YES;
				CLANG_WARN_UNGUARDED_AVAILABILITY = YES_AGGRESSIVE;
				CLANG_WARN_UNREACHABLE_CODE = YES;
				CLANG_WARN__DUPLICATE_METHOD_MATCH = YES;
				CODE_SIGN_STYLE = Automatic;
				COPY_PHASE_STRIP = NO;
				CURRENT_PROJECT_VERSION = 1;
				DEAD_CODE_STRIPPING = YES;
				DEBUG_INFORMATION_FORMAT = "dwarf-with-dsym";
				DEVELOPMENT_TEAM = ABCDE12345;
				ENABLE_NS_ASSERTIONS = NO;
				ENABLE_STRICT_OBJC_MSGSEND = YES;
				ENABLE_TESTABILITY = NO;
				GCC_C_LANGUAGE_STANDARD = gnu11;
				GCC_NO_COMMON_BLOCKS = YES;
				GCC_WARN_64_TO_32_BIT_CONVERSION = YES;
				GCC_WARN_ABOUT_RETURN_TYPE = YES_ERROR;
				GCC_WARN_UNDECLARED_SELECTOR = YES;
				GCC_WARN_UNINITIALIZED_AUTOS = YES_AGGRESSIVE;
				GCC_WARN_UNUSED_FUNCTION = YES;
				GCC_WARN_UNUSED_VARIABLE = YES;
				IPHONEOS_DEPLOYMENT_TARGET = 16.0;
				MARKETING_VERSION = 1.0.0;
				MTL_ENABLE_DEBUG_INFO = NO;
				MTL_FAST_MATH = YES;
				OTHER_LDFLAGS = "$(inherited) -dead_strip";
				PRODUCT_NAME = "$(TARGET_NAME)";
				SDKROOT = iphoneos;
				STRIP_INSTALLED_PRODUCT = YES;
				SWIFT_COMPILATION_MODE = wholemodule;
				SWIFT_OPTIMIZATION_LEVEL = "-O";
				SWIFT_VERSION = 5.9;
				TARGETED_DEVICE_FAMILY = "1,2";
			};
			name = Release;
		};
		96B7E66F4F825CD95F017A39 /* Debug */ = {
			isa = XCBuildConfiguration;
			buildSettings = {
				BUNDLE_LOADER = "$(TEST_HOST)";
				LD_RUNPATH_SEARCH_PATHS = (
					"$(inherited)",
					"@executable_path/Frameworks",
					"@loader_path/Frameworks",
				);
				SDKROOT = iphoneos;
				TARGETED_DEVICE_FAMILY = "1,2";
				TEST_TARGET_NAME = SmartCellCounter;
			};
			name = Debug;
		};
		AE98654DB4761790E7B529EA /* Debug */ = {
			isa = XCBuildConfiguration;
			buildSettings = {
				ASSETCATALOG_COMPILER_APPICON_NAME = AppIcon;
				CODE_SIGN_IDENTITY = "iPhone Developer";
				INFOPLIST_FILE = Sources/SmartCellCounter/Info.plist;
				LD_RUNPATH_SEARCH_PATHS = (
					"$(inherited)",
					"@executable_path/Frameworks",
				);
				PRODUCT_BUNDLE_IDENTIFIER = com.example.SmartCellCounter;
				SDKROOT = iphoneos;
				TARGETED_DEVICE_FAMILY = "1,2";
			};
			name = Debug;
		};
		CE12E388BA8CAA03C0FC0140 /* Debug */ = {
			isa = XCBuildConfiguration;
			buildSettings = {
				ALWAYS_SEARCH_USER_PATHS = NO;
				CLANG_ANALYZER_NONNULL = YES;
				CLANG_ANALYZER_NUMBER_OBJECT_CONVERSION = YES_AGGRESSIVE;
				CLANG_CXX_LANGUAGE_STANDARD = "gnu++14";
				CLANG_CXX_LIBRARY = "libc++";
				CLANG_ENABLE_MODULES = YES;
				CLANG_ENABLE_OBJC_ARC = YES;
				CLANG_ENABLE_OBJC_WEAK = YES;
				CLANG_WARN_BLOCK_CAPTURE_AUTORELEASING = YES;
				CLANG_WARN_BOOL_CONVERSION = YES;
				CLANG_WARN_COMMA = YES;
				CLANG_WARN_CONSTANT_CONVERSION = YES;
				CLANG_WARN_DEPRECATED_OBJC_IMPLEMENTATIONS = YES;
				CLANG_WARN_DIRECT_OBJC_ISA_USAGE = YES_ERROR;
				CLANG_WARN_DOCUMENTATION_COMMENTS = YES;
				CLANG_WARN_EMPTY_BODY = YES;
				CLANG_WARN_ENUM_CONVERSION = YES;
				CLANG_WARN_INFINITE_RECURSION = YES;
				CLANG_WARN_INT_CONVERSION = YES;
				CLANG_WARN_NON_LITERAL_NULL_CONVERSION = YES;
				CLANG_WARN_OBJC_IMPLICIT_RETAIN_SELF = YES;
				CLANG_WARN_OBJC_LITERAL_CONVERSION = YES;
				CLANG_WARN_OBJC_ROOT_CLASS = YES_ERROR;
				CLANG_WARN_QUOTED_INCLUDE_IN_FRAMEWORK_HEADER = YES;
				CLANG_WARN_RANGE_LOOP_ANALYSIS = YES;
				CLANG_WARN_STRICT_PROTOTYPES = YES;
				CLANG_WARN_SUSPICIOUS_MOVE = YES;
				CLANG_WARN_UNGUARDED_AVAILABILITY = YES_AGGRESSIVE;
				CLANG_WARN_UNREACHABLE_CODE = YES;
				CLANG_WARN__DUPLICATE_METHOD_MATCH = YES;
				CODE_SIGN_STYLE = Automatic;
				COPY_PHASE_STRIP = NO;
				CURRENT_PROJECT_VERSION = 1;
				DEBUG_INFORMATION_FORMAT = dwarf;
				DEVELOPMENT_TEAM = ABCDE12345;
				ENABLE_STRICT_OBJC_MSGSEND = YES;
				ENABLE_TESTABILITY = YES;
				GCC_C_LANGUAGE_STANDARD = gnu11;
				GCC_DYNAMIC_NO_PIC = NO;
				GCC_NO_COMMON_BLOCKS = YES;
				GCC_OPTIMIZATION_LEVEL = 0;
				GCC_PREPROCESSOR_DEFINITIONS = (
					"$(inherited)",
					"DEBUG=1",
				);
				GCC_WARN_64_TO_32_BIT_CONVERSION = YES;
				GCC_WARN_ABOUT_RETURN_TYPE = YES_ERROR;
				GCC_WARN_UNDECLARED_SELECTOR = YES;
				GCC_WARN_UNINITIALIZED_AUTOS = YES_AGGRESSIVE;
				GCC_WARN_UNUSED_FUNCTION = YES;
				GCC_WARN_UNUSED_VARIABLE = YES;
				IPHONEOS_DEPLOYMENT_TARGET = 16.0;
				MARKETING_VERSION = 1.0.0;
				MTL_ENABLE_DEBUG_INFO = INCLUDE_SOURCE;
				MTL_FAST_MATH = YES;
				ONLY_ACTIVE_ARCH = YES;
				PRODUCT_NAME = "$(TARGET_NAME)";
				SDKROOT = iphoneos;
				SWIFT_ACTIVE_COMPILATION_CONDITIONS = DEBUG;
				SWIFT_OPTIMIZATION_LEVEL = "-Onone";
				SWIFT_VERSION = 5.9;
				TARGETED_DEVICE_FAMILY = "1,2";
			};
			name = Debug;
		};
		DBE24098B162B03776F4FD0F /* Release */ = {
			isa = XCBuildConfiguration;
			buildSettings = {
				BUNDLE_LOADER = "$(TEST_HOST)";
				LD_RUNPATH_SEARCH_PATHS = (
					"$(inherited)",
					"@executable_path/Frameworks",
					"@loader_path/Frameworks",
				);
				SDKROOT = iphoneos;
				TARGETED_DEVICE_FAMILY = "1,2";
				TEST_HOST = "$(BUILT_PRODUCTS_DIR)/SmartCellCounter.app/SmartCellCounter";
			};
			name = Release;
		};
		DD5B392A75AE1DC8EF004465 /* Release */ = {
			isa = XCBuildConfiguration;
			buildSettings = {
				ASSETCATALOG_COMPILER_APPICON_NAME = AppIcon;
				CODE_SIGN_IDENTITY = "iPhone Developer";
				INFOPLIST_FILE = Sources/SmartCellCounter/Info.plist;
				LD_RUNPATH_SEARCH_PATHS = (
					"$(inherited)",
					"@executable_path/Frameworks",
				);
				PRODUCT_BUNDLE_IDENTIFIER = com.example.SmartCellCounter;
				SDKROOT = iphoneos;
				TARGETED_DEVICE_FAMILY = "1,2";
			};
			name = Release;
		};
/* End XCBuildConfiguration section */

/* Begin XCConfigurationList section */
		2EB9C76C21C25A580E9CF6E0 /* Build configuration list for PBXNativeTarget "SmartCellCounter" */ = {
			isa = XCConfigurationList;
			buildConfigurations = (
				AE98654DB4761790E7B529EA /* Debug */,
				DD5B392A75AE1DC8EF004465 /* Release */,
			);
			defaultConfigurationIsVisible = 0;
			defaultConfigurationName = Debug;
		};
		DECDB82355A28D4A678D6D0B /* Build configuration list for PBXNativeTarget "SmartCellCounterTests" */ = {
			isa = XCConfigurationList;
			buildConfigurations = (
				5BD9FB14275E3CBC258D596D /* Debug */,
				DBE24098B162B03776F4FD0F /* Release */,
			);
			defaultConfigurationIsVisible = 0;
			defaultConfigurationName = Debug;
		};
		E784A69D9A8F2635008633AD /* Build configuration list for PBXProject "SmartCellCounter" */ = {
			isa = XCConfigurationList;
			buildConfigurations = (
				CE12E388BA8CAA03C0FC0140 /* Debug */,
				65FF2F057531FDBC2497519C /* Release */,
			);
			defaultConfigurationIsVisible = 0;
			defaultConfigurationName = Debug;
		};
		F7719B92F2887B2C71C40A3C /* Build configuration list for PBXNativeTarget "SmartCellCounterUITests" */ = {
			isa = XCConfigurationList;
			buildConfigurations = (
				96B7E66F4F825CD95F017A39 /* Debug */,
				010968064E98DBB4D3E77ED5 /* Release */,
			);
			defaultConfigurationIsVisible = 0;
			defaultConfigurationName = Debug;
		};
/* End XCConfigurationList section */

/* Begin XCRemoteSwiftPackageReference section */
		ACA78C0AEE9005ACE2F42BC8 /* XCRemoteSwiftPackageReference "GRDB.swift" */ = {
			isa = XCRemoteSwiftPackageReference;
			repositoryURL = "https://github.com/groue/GRDB.swift";
			requirement = {
				kind = upToNextMajorVersion;
				minimumVersion = 6.0.0;
			};
		};
/* End XCRemoteSwiftPackageReference section */

/* Begin XCSwiftPackageProductDependency section */
		DEED0CD32F3A1C11ED660D90 /* GRDB */ = {
			isa = XCSwiftPackageProductDependency;
			package = ACA78C0AEE9005ACE2F42BC8 /* XCRemoteSwiftPackageReference "GRDB.swift" */;
			productName = GRDB;
		};
/* End XCSwiftPackageProductDependency section */
	};
	rootObject = 262384792FBB033F3AF28331 /* Project object */;
}
